// !$*UTF8*$!
{
	archiveVersion = 1;
	classes = {
	};
	objectVersion = 50;
	objects = {

/* Begin PBXBuildFile section */
		83316660222B33810073A618 /* PlantCell.swift in Sources */ = {isa = PBXBuildFile; fileRef = 8331665F222B33810073A618 /* PlantCell.swift */; };
		833924D7221346E6001A00F8 /* AppDelegate.swift in Sources */ = {isa = PBXBuildFile; fileRef = 833924D6221346E6001A00F8 /* AppDelegate.swift */; };
		833924D9221346E6001A00F8 /* ViewController.swift in Sources */ = {isa = PBXBuildFile; fileRef = 833924D8221346E6001A00F8 /* ViewController.swift */; };
		833924DC221346E6001A00F8 /* Main.storyboard in Resources */ = {isa = PBXBuildFile; fileRef = 833924DA221346E6001A00F8 /* Main.storyboard */; };
		833924DE221346EC001A00F8 /* Assets.xcassets in Resources */ = {isa = PBXBuildFile; fileRef = 833924DD221346EC001A00F8 /* Assets.xcassets */; };
		833924E1221346EC001A00F8 /* LaunchScreen.storyboard in Resources */ = {isa = PBXBuildFile; fileRef = 833924DF221346EC001A00F8 /* LaunchScreen.storyboard */; };
		833924EE2213493E001A00F8 /* loginScreen.swift in Sources */ = {isa = PBXBuildFile; fileRef = 833924ED2213493E001A00F8 /* loginScreen.swift */; };
		833924F12213643D001A00F8 /* Constants.swift in Sources */ = {isa = PBXBuildFile; fileRef = 833924F02213643D001A00F8 /* Constants.swift */; };
		833924F322137907001A00F8 /* RoundedButton.swift in Sources */ = {isa = PBXBuildFile; fileRef = 833924F222137907001A00F8 /* RoundedButton.swift */; };
		833924F5221389E6001A00F8 /* signUpScreen.swift in Sources */ = {isa = PBXBuildFile; fileRef = 833924F4221389E6001A00F8 /* signUpScreen.swift */; };
		833924F722138A11001A00F8 /* PlantMenu.swift in Sources */ = {isa = PBXBuildFile; fileRef = 833924F622138A11001A00F8 /* PlantMenu.swift */; };
		833924F922138A24001A00F8 /* PlantProfile.swift in Sources */ = {isa = PBXBuildFile; fileRef = 833924F822138A24001A00F8 /* PlantProfile.swift */; };
		83636AC9224151F7000982E4 /* PlantSettingsVC.swift in Sources */ = {isa = PBXBuildFile; fileRef = 83636AC8224151F7000982E4 /* PlantSettingsVC.swift */; };
		837C3F9B2214AB47009B9C68 /* UserModel.swift in Sources */ = {isa = PBXBuildFile; fileRef = 837C3F9A2214AB47009B9C68 /* UserModel.swift */; };
		837C3F9D221A3339009B9C68 /* PlantModel.swift in Sources */ = {isa = PBXBuildFile; fileRef = 837C3F9C221A3339009B9C68 /* PlantModel.swift */; };
/* End PBXBuildFile section */

/* Begin PBXFileReference section */
		8331665F222B33810073A618 /* PlantCell.swift */ = {isa = PBXFileReference; lastKnownFileType = sourcecode.swift; path = PlantCell.swift; sourceTree = "<group>"; };
		833924D3221346E6001A00F8 /* SmartGreenhouse.app */ = {isa = PBXFileReference; explicitFileType = wrapper.application; includeInIndex = 0; path = SmartGreenhouse.app; sourceTree = BUILT_PRODUCTS_DIR; };
		833924D6221346E6001A00F8 /* AppDelegate.swift */ = {isa = PBXFileReference; lastKnownFileType = sourcecode.swift; path = AppDelegate.swift; sourceTree = "<group>"; };
		833924D8221346E6001A00F8 /* ViewController.swift */ = {isa = PBXFileReference; lastKnownFileType = sourcecode.swift; path = ViewController.swift; sourceTree = "<group>"; };
		833924DB221346E6001A00F8 /* Base */ = {isa = PBXFileReference; lastKnownFileType = file.storyboard; name = Base; path = Base.lproj/Main.storyboard; sourceTree = "<group>"; };
		833924DD221346EC001A00F8 /* Assets.xcassets */ = {isa = PBXFileReference; lastKnownFileType = folder.assetcatalog; path = Assets.xcassets; sourceTree = "<group>"; };
		833924E0221346EC001A00F8 /* Base */ = {isa = PBXFileReference; lastKnownFileType = file.storyboard; name = Base; path = Base.lproj/LaunchScreen.storyboard; sourceTree = "<group>"; };
		833924E2221346EC001A00F8 /* Info.plist */ = {isa = PBXFileReference; lastKnownFileType = text.plist.xml; path = Info.plist; sourceTree = "<group>"; };
		833924ED2213493E001A00F8 /* loginScreen.swift */ = {isa = PBXFileReference; lastKnownFileType = sourcecode.swift; path = loginScreen.swift; sourceTree = "<group>"; };
		833924EF22134C7D001A00F8 /* SmartGreenhouse.entitlements */ = {isa = PBXFileReference; lastKnownFileType = text.plist.entitlements; path = SmartGreenhouse.entitlements; sourceTree = "<group>"; };
		833924F02213643D001A00F8 /* Constants.swift */ = {isa = PBXFileReference; lastKnownFileType = sourcecode.swift; path = Constants.swift; sourceTree = "<group>"; };
		833924F222137907001A00F8 /* RoundedButton.swift */ = {isa = PBXFileReference; lastKnownFileType = sourcecode.swift; path = RoundedButton.swift; sourceTree = "<group>"; };
		833924F4221389E6001A00F8 /* signUpScreen.swift */ = {isa = PBXFileReference; lastKnownFileType = sourcecode.swift; path = signUpScreen.swift; sourceTree = "<group>"; };
		833924F622138A11001A00F8 /* PlantMenu.swift */ = {isa = PBXFileReference; lastKnownFileType = sourcecode.swift; path = PlantMenu.swift; sourceTree = "<group>"; };
		833924F822138A24001A00F8 /* PlantProfile.swift */ = {isa = PBXFileReference; lastKnownFileType = sourcecode.swift; path = PlantProfile.swift; sourceTree = "<group>"; };
		83636AC8224151F7000982E4 /* PlantSettingsVC.swift */ = {isa = PBXFileReference; lastKnownFileType = sourcecode.swift; path = PlantSettingsVC.swift; sourceTree = "<group>"; };
		837C3F9A2214AB47009B9C68 /* UserModel.swift */ = {isa = PBXFileReference; lastKnownFileType = sourcecode.swift; path = UserModel.swift; sourceTree = "<group>"; };
		837C3F9C221A3339009B9C68 /* PlantModel.swift */ = {isa = PBXFileReference; lastKnownFileType = sourcecode.swift; path = PlantModel.swift; sourceTree = "<group>"; };
/* End PBXFileReference section */

/* Begin PBXFrameworksBuildPhase section */
		833924D0221346E5001A00F8 /* Frameworks */ = {
			isa = PBXFrameworksBuildPhase;
			buildActionMask = 2147483647;
			files = (
			);
			runOnlyForDeploymentPostprocessing = 0;
		};
/* End PBXFrameworksBuildPhase section */

/* Begin PBXGroup section */
		833924CA221346E5001A00F8 = {
			isa = PBXGroup;
			children = (
				833924D5221346E6001A00F8 /* SmartGreenhouse */,
				833924D4221346E6001A00F8 /* Products */,
			);
			sourceTree = "<group>";
		};
		833924D4221346E6001A00F8 /* Products */ = {
			isa = PBXGroup;
			children = (
				833924D3221346E6001A00F8 /* SmartGreenhouse.app */,
			);
			name = Products;
			sourceTree = "<group>";
		};
		833924D5221346E6001A00F8 /* SmartGreenhouse */ = {
			isa = PBXGroup;
			children = (
				833924EF22134C7D001A00F8 /* SmartGreenhouse.entitlements */,
				833924EC221347A1001A00F8 /* Utilities */,
				833924EB22134784001A00F8 /* Pictures */,
				833924EA22134760001A00F8 /* Controller */,
				833924E922134759001A00F8 /* View */,
				833924E822134750001A00F8 /* Model */,
				833924D6221346E6001A00F8 /* AppDelegate.swift */,
				833924D8221346E6001A00F8 /* ViewController.swift */,
				833924DA221346E6001A00F8 /* Main.storyboard */,
				833924DD221346EC001A00F8 /* Assets.xcassets */,
				833924DF221346EC001A00F8 /* LaunchScreen.storyboard */,
				833924E2221346EC001A00F8 /* Info.plist */,
			);
			path = SmartGreenhouse;
			sourceTree = "<group>";
		};
		833924E822134750001A00F8 /* Model */ = {
			isa = PBXGroup;
			children = (
				837C3F9A2214AB47009B9C68 /* UserModel.swift */,
				837C3F9C221A3339009B9C68 /* PlantModel.swift */,
			);
			path = Model;
			sourceTree = "<group>";
		};
		833924E922134759001A00F8 /* View */ = {
			isa = PBXGroup;
			children = (
				833924F222137907001A00F8 /* RoundedButton.swift */,
				8331665F222B33810073A618 /* PlantCell.swift */,
			);
			path = View;
			sourceTree = "<group>";
		};
		833924EA22134760001A00F8 /* Controller */ = {
			isa = PBXGroup;
			children = (
				833924ED2213493E001A00F8 /* loginScreen.swift */,
				833924F4221389E6001A00F8 /* signUpScreen.swift */,
				833924F622138A11001A00F8 /* PlantMenu.swift */,
				833924F822138A24001A00F8 /* PlantProfile.swift */,
				83636AC8224151F7000982E4 /* PlantSettingsVC.swift */,
			);
			path = Controller;
			sourceTree = "<group>";
		};
		833924EB22134784001A00F8 /* Pictures */ = {
			isa = PBXGroup;
			children = (
			);
			path = Pictures;
			sourceTree = "<group>";
		};
		833924EC221347A1001A00F8 /* Utilities */ = {
			isa = PBXGroup;
			children = (
				833924F02213643D001A00F8 /* Constants.swift */,
			);
			path = Utilities;
			sourceTree = "<group>";
		};
/* End PBXGroup section */

/* Begin PBXNativeTarget section */
		833924D2221346E5001A00F8 /* SmartGreenhouse */ = {
			isa = PBXNativeTarget;
			buildConfigurationList = 833924E5221346EC001A00F8 /* Build configuration list for PBXNativeTarget "SmartGreenhouse" */;
			buildPhases = (
				833924CF221346E5001A00F8 /* Sources */,
				833924D0221346E5001A00F8 /* Frameworks */,
				833924D1221346E5001A00F8 /* Resources */,
			);
			buildRules = (
			);
			dependencies = (
			);
			name = SmartGreenhouse;
			productName = SmartGreenhouse;
			productReference = 833924D3221346E6001A00F8 /* SmartGreenhouse.app */;
			productType = "com.apple.product-type.application";
		};
/* End PBXNativeTarget section */

/* Begin PBXProject section */
		833924CB221346E5001A00F8 /* Project object */ = {
			isa = PBXProject;
			attributes = {
				LastSwiftUpdateCheck = 1010;
				LastUpgradeCheck = 1010;
				ORGANIZATIONNAME = SmartGreenhouse;
				TargetAttributes = {
					833924D2221346E5001A00F8 = {
						CreatedOnToolsVersion = 10.1;
						SystemCapabilities = {
							com.apple.AccessWiFi = {
								enabled = 1;
							};
						};
					};
				};
			};
			buildConfigurationList = 833924CE221346E5001A00F8 /* Build configuration list for PBXProject "SmartGreenhouse" */;
			compatibilityVersion = "Xcode 9.3";
			developmentRegion = en;
			hasScannedForEncodings = 0;
			knownRegions = (
				en,
				Base,
			);
			mainGroup = 833924CA221346E5001A00F8;
			productRefGroup = 833924D4221346E6001A00F8 /* Products */;
			projectDirPath = "";
			projectRoot = "";
			targets = (
				833924D2221346E5001A00F8 /* SmartGreenhouse */,
			);
		};
/* End PBXProject section */

/* Begin PBXResourcesBuildPhase section */
		833924D1221346E5001A00F8 /* Resources */ = {
			isa = PBXResourcesBuildPhase;
			buildActionMask = 2147483647;
			files = (
				833924E1221346EC001A00F8 /* LaunchScreen.storyboard in Resources */,
				833924DE221346EC001A00F8 /* Assets.xcassets in Resources */,
				833924DC221346E6001A00F8 /* Main.storyboard in Resources */,
			);
			runOnlyForDeploymentPostprocessing = 0;
		};
/* End PBXResourcesBuildPhase section */

/* Begin PBXSourcesBuildPhase section */
		833924CF221346E5001A00F8 /* Sources */ = {
			isa = PBXSourcesBuildPhase;
			buildActionMask = 2147483647;
			files = (
				833924F722138A11001A00F8 /* PlantMenu.swift in Sources */,
				833924EE2213493E001A00F8 /* loginScreen.swift in Sources */,
				833924F322137907001A00F8 /* RoundedButton.swift in Sources */,
				837C3F9D221A3339009B9C68 /* PlantModel.swift in Sources */,
				83316660222B33810073A618 /* PlantCell.swift in Sources */,
				833924D9221346E6001A00F8 /* ViewController.swift in Sources */,
				833924D7221346E6001A00F8 /* AppDelegate.swift in Sources */,
				833924F922138A24001A00F8 /* PlantProfile.swift in Sources */,
				833924F12213643D001A00F8 /* Constants.swift in Sources */,
				83636AC9224151F7000982E4 /* PlantSettingsVC.swift in Sources */,
				837C3F9B2214AB47009B9C68 /* UserModel.swift in Sources */,
				833924F5221389E6001A00F8 /* signUpScreen.swift in Sources */,
			);
			runOnlyForDeploymentPostprocessing = 0;
		};
/* End PBXSourcesBuildPhase section */

/* Begin PBXVariantGroup section */
		833924DA221346E6001A00F8 /* Main.storyboard */ = {
			isa = PBXVariantGroup;
			children = (
				833924DB221346E6001A00F8 /* Base */,
			);
			name = Main.storyboard;
			sourceTree = "<group>";
		};
		833924DF221346EC001A00F8 /* LaunchScreen.storyboard */ = {
			isa = PBXVariantGroup;
			children = (
				833924E0221346EC001A00F8 /* Base */,
			);
			name = LaunchScreen.storyboard;
			sourceTree = "<group>";
		};
/* End PBXVariantGroup section */

/* Begin XCBuildConfiguration section */
		833924E3221346EC001A00F8 /* Debug */ = {
			isa = XCBuildConfiguration;
			buildSettings = {
				ALWAYS_SEARCH_USER_PATHS = NO;
				CLANG_ANALYZER_NONNULL = YES;
				CLANG_ANALYZER_NUMBER_OBJECT_CONVERSION = YES_AGGRESSIVE;
				CLANG_CXX_LANGUAGE_STANDARD = "gnu++14";
				CLANG_CXX_LIBRARY = "libc++";
				CLANG_ENABLE_MODULES = YES;
				CLANG_ENABLE_OBJC_ARC = YES;
				CLANG_ENABLE_OBJC_WEAK = YES;
				CLANG_WARN_BLOCK_CAPTURE_AUTORELEASING = YES;
				CLANG_WARN_BOOL_CONVERSION = YES;
				CLANG_WARN_COMMA = YES;
				CLANG_WARN_CONSTANT_CONVERSION = YES;
				CLANG_WARN_DEPRECATED_OBJC_IMPLEMENTATIONS = YES;
				CLANG_WARN_DIRECT_OBJC_ISA_USAGE = YES_ERROR;
				CLANG_WARN_DOCUMENTATION_COMMENTS = YES;
				CLANG_WARN_EMPTY_BODY = YES;
				CLANG_WARN_ENUM_CONVERSION = YES;
				CLANG_WARN_INFINITE_RECURSION = YES;
				CLANG_WARN_INT_CONVERSION = YES;
				CLANG_WARN_NON_LITERAL_NULL_CONVERSION = YES;
				CLANG_WARN_OBJC_IMPLICIT_RETAIN_SELF = YES;
				CLANG_WARN_OBJC_LITERAL_CONVERSION = YES;
				CLANG_WARN_OBJC_ROOT_CLASS = YES_ERROR;
				CLANG_WARN_RANGE_LOOP_ANALYSIS = YES;
				CLANG_WARN_STRICT_PROTOTYPES = YES;
				CLANG_WARN_SUSPICIOUS_MOVE = YES;
				CLANG_WARN_UNGUARDED_AVAILABILITY = YES_AGGRESSIVE;
				CLANG_WARN_UNREACHABLE_CODE = YES;
				CLANG_WARN__DUPLICATE_METHOD_MATCH = YES;
				CODE_SIGN_IDENTITY = "iPhone Developer";
				COPY_PHASE_STRIP = NO;
				DEBUG_INFORMATION_FORMAT = dwarf;
				ENABLE_STRICT_OBJC_MSGSEND = YES;
				ENABLE_TESTABILITY = YES;
				GCC_C_LANGUAGE_STANDARD = gnu11;
				GCC_DYNAMIC_NO_PIC = NO;
				GCC_NO_COMMON_BLOCKS = YES;
				GCC_OPTIMIZATION_LEVEL = 0;
				GCC_PREPROCESSOR_DEFINITIONS = (
					"DEBUG=1",
					"$(inherited)",
				);
				GCC_WARN_64_TO_32_BIT_CONVERSION = YES;
				GCC_WARN_ABOUT_RETURN_TYPE = YES_ERROR;
				GCC_WARN_UNDECLARED_SELECTOR = YES;
				GCC_WARN_UNINITIALIZED_AUTOS = YES_AGGRESSIVE;
				GCC_WARN_UNUSED_FUNCTION = YES;
				GCC_WARN_UNUSED_VARIABLE = YES;
				IPHONEOS_DEPLOYMENT_TARGET = 12.1;
				MTL_ENABLE_DEBUG_INFO = INCLUDE_SOURCE;
				MTL_FAST_MATH = YES;
				ONLY_ACTIVE_ARCH = YES;
				SDKROOT = iphoneos;
				SWIFT_ACTIVE_COMPILATION_CONDITIONS = DEBUG;
				SWIFT_OPTIMIZATION_LEVEL = "-Onone";
			};
			name = Debug;
		};
		833924E4221346EC001A00F8 /* Release */ = {
			isa = XCBuildConfiguration;
			buildSettings = {
				ALWAYS_SEARCH_USER_PATHS = NO;
				CLANG_ANALYZER_NONNULL = YES;
				CLANG_ANALYZER_NUMBER_OBJECT_CONVERSION = YES_AGGRESSIVE;
				CLANG_CXX_LANGUAGE_STANDARD = "gnu++14";
				CLANG_CXX_LIBRARY = "libc++";
				CLANG_ENABLE_MODULES = YES;
				CLANG_ENABLE_OBJC_ARC = YES;
				CLANG_ENABLE_OBJC_WEAK = YES;
				CLANG_WARN_BLOCK_CAPTURE_AUTORELEASING = YES;
				CLANG_WARN_BOOL_CONVERSION = YES;
				CLANG_WARN_COMMA = YES;
				CLANG_WARN_CONSTANT_CONVERSION = YES;
				CLANG_WARN_DEPRECATED_OBJC_IMPLEMENTATIONS = YES;
				CLANG_WARN_DIRECT_OBJC_ISA_USAGE = YES_ERROR;
				CLANG_WARN_DOCUMENTATION_COMMENTS = YES;
				CLANG_WARN_EMPTY_BODY = YES;
				CLANG_WARN_ENUM_CONVERSION = YES;
				CLANG_WARN_INFINITE_RECURSION = YES;
				CLANG_WARN_INT_CONVERSION = YES;
				CLANG_WARN_NON_LITERAL_NULL_CONVERSION = YES;
				CLANG_WARN_OBJC_IMPLICIT_RETAIN_SELF = YES;
				CLANG_WARN_OBJC_LITERAL_CONVERSION = YES;
				CLANG_WARN_OBJC_ROOT_CLASS = YES_ERROR;
				CLANG_WARN_RANGE_LOOP_ANALYSIS = YES;
				CLANG_WARN_STRICT_PROTOTYPES = YES;
				CLANG_WARN_SUSPICIOUS_MOVE = YES;
				CLANG_WARN_UNGUARDED_AVAILABILITY = YES_AGGRESSIVE;
				CLANG_WARN_UNREACHABLE_CODE = YES;
				CLANG_WARN__DUPLICATE_METHOD_MATCH = YES;
				CODE_SIGN_IDENTITY = "iPhone Developer";
				COPY_PHASE_STRIP = NO;
				DEBUG_INFORMATION_FORMAT = "dwarf-with-dsym";
				ENABLE_NS_ASSERTIONS = NO;
				ENABLE_STRICT_OBJC_MSGSEND = YES;
				GCC_C_LANGUAGE_STANDARD = gnu11;
				GCC_NO_COMMON_BLOCKS = YES;
				GCC_WARN_64_TO_32_BIT_CONVERSION = YES;
				GCC_WARN_ABOUT_RETURN_TYPE = YES_ERROR;
				GCC_WARN_UNDECLARED_SELECTOR = YES;
				GCC_WARN_UNINITIALIZED_AUTOS = YES_AGGRESSIVE;
				GCC_WARN_UNUSED_FUNCTION = YES;
				GCC_WARN_UNUSED_VARIABLE = YES;
				IPHONEOS_DEPLOYMENT_TARGET = 12.1;
				MTL_ENABLE_DEBUG_INFO = NO;
				MTL_FAST_MATH = YES;
				SDKROOT = iphoneos;
				SWIFT_COMPILATION_MODE = wholemodule;
				SWIFT_OPTIMIZATION_LEVEL = "-O";
				VALIDATE_PRODUCT = YES;
			};
			name = Release;
		};
		833924E6221346EC001A00F8 /* Debug */ = {
			isa = XCBuildConfiguration;
			buildSettings = {
				ASSETCATALOG_COMPILER_APPICON_NAME = AppIcon;
				CODE_SIGN_ENTITLEMENTS = SmartGreenhouse/SmartGreenhouse.entitlements;
				CODE_SIGN_STYLE = Automatic;
				DEVELOPMENT_TEAM = 7589SML3ZP;
				INFOPLIST_FILE = SmartGreenhouse/Info.plist;
				IPHONEOS_DEPLOYMENT_TARGET = 12.0;
				LD_RUNPATH_SEARCH_PATHS = (
					"$(inherited)",
					"@executable_path/Frameworks",
				);
				PRODUCT_BUNDLE_IDENTIFIER = wh.SmartGreenhouse;
				PRODUCT_NAME = "$(TARGET_NAME)";
				SWIFT_VERSION = 4.0;
				TARGETED_DEVICE_FAMILY = "1,2";
			};
			name = Debug;
		};
		833924E7221346EC001A00F8 /* Release */ = {
			isa = XCBuildConfiguration;
			buildSettings = {
				ASSETCATALOG_COMPILER_APPICON_NAME = AppIcon;
				CODE_SIGN_ENTITLEMENTS = SmartGreenhouse/SmartGreenhouse.entitlements;
				CODE_SIGN_STYLE = Automatic;
				DEVELOPMENT_TEAM = 7589SML3ZP;
				INFOPLIST_FILE = SmartGreenhouse/Info.plist;
				IPHONEOS_DEPLOYMENT_TARGET = 12.0;
				LD_RUNPATH_SEARCH_PATHS = (
					"$(inherited)",
					"@executable_path/Frameworks",
				);
				PRODUCT_BUNDLE_IDENTIFIER = wh.SmartGreenhouse;
				PRODUCT_NAME = "$(TARGET_NAME)";
				SWIFT_VERSION = 4.0;
				TARGETED_DEVICE_FAMILY = "1,2";
			};
			name = Release;
		};
/* End XCBuildConfiguration section */

/* Begin XCConfigurationList section */
		833924CE221346E5001A00F8 /* Build configuration list for PBXProject "SmartGreenhouse" */ = {
			isa = XCConfigurationList;
			buildConfigurations = (
				833924E3221346EC001A00F8 /* Debug */,
				833924E4221346EC001A00F8 /* Release */,
			);
			defaultConfigurationIsVisible = 0;
			defaultConfigurationName = Release;
		};
		833924E5221346EC001A00F8 /* Build configuration list for PBXNativeTarget "SmartGreenhouse" */ = {
			isa = XCConfigurationList;
			buildConfigurations = (
				833924E6221346EC001A00F8 /* Debug */,
				833924E7221346EC001A00F8 /* Release */,
			);
			defaultConfigurationIsVisible = 0;
			defaultConfigurationName = Release;
		};
/* End XCConfigurationList section */
	};
	rootObject = 833924CB221346E5001A00F8 /* Project object */;
}
